// !$*UTF8*$!
{
	archiveVersion = 1;
	classes = {
	};
	objectVersion = 46;
	objects = {

/* Begin PBXBuildFile section */
		967A51C21A377B4600C43F10 /* NSObject+SafeCast.m in Sources */ = {isa = PBXBuildFile; fileRef = 967A51C11A377B4600C43F10 /* NSObject+SafeCast.m */; };
/* End PBXBuildFile section */

/* Begin PBXCopyFilesBuildPhase section */
		967A51A11A377AC000C43F10 /* CopyFiles */ = {
			isa = PBXCopyFilesBuildPhase;
			buildActionMask = 2147483647;
			dstPath = "include/$(PRODUCT_NAME)";
			dstSubfolderSpec = 16;
			files = (
			);
			runOnlyForDeploymentPostprocessing = 0;
		};
/* End PBXCopyFilesBuildPhase section */

/* Begin PBXFileReference section */
		967A51A31A377AC000C43F10 /* libJASafeCast.a */ = {isa = PBXFileReference; explicitFileType = archive.ar; includeInIndex = 0; path = libJASafeCast.a; sourceTree = BUILT_PRODUCTS_DIR; };
		967A51C01A377B4600C43F10 /* NSObject+SafeCast.h */ = {isa = PBXFileReference; fileEncoding = 4; lastKnownFileType = sourcecode.c.h; path = "NSObject+SafeCast.h"; sourceTree = SOURCE_ROOT; };
		967A51C11A377B4600C43F10 /* NSObject+SafeCast.m */ = {isa = PBXFileReference; fileEncoding = 4; lastKnownFileType = sourcecode.c.objc; path = "NSObject+SafeCast.m"; sourceTree = SOURCE_ROOT; };
/* End PBXFileReference section */

/* Begin PBXFrameworksBuildPhase section */
		967A51A01A377AC000C43F10 /* Frameworks */ = {
			isa = PBXFrameworksBuildPhase;
			buildActionMask = 2147483647;
			files = (
			);
			runOnlyForDeploymentPostprocessing = 0;
		};
/* End PBXFrameworksBuildPhase section */

/* Begin PBXGroup section */
		967A519A1A377AC000C43F10 = {
			isa = PBXGroup;
			children = (
				967A51A51A377AC000C43F10 /* JASafeCast */,
				967A51A41A377AC000C43F10 /* Products */,
			);
			sourceTree = "<group>";
		};
		967A51A41A377AC000C43F10 /* Products */ = {
			isa = PBXGroup;
			children = (
				967A51A31A377AC000C43F10 /* libJASafeCast.a */,
			);
			name = Products;
			sourceTree = "<group>";
		};
		967A51A51A377AC000C43F10 /* JASafeCast */ = {
			isa = PBXGroup;
			children = (
				967A51C01A377B4600C43F10 /* NSObject+SafeCast.h */,
				967A51C11A377B4600C43F10 /* NSObject+SafeCast.m */,
			);
			path = JASafeCast;
			sourceTree = "<group>";
		};
/* End PBXGroup section */

/* Begin PBXNativeTarget section */
		967A51A21A377AC000C43F10 /* JASafeCast */ = {
			isa = PBXNativeTarget;
			buildConfigurationList = 967A51B71A377AC000C43F10 /* Build configuration list for PBXNativeTarget "JASafeCast" */;
			buildPhases = (
				967A519F1A377AC000C43F10 /* Sources */,
				967A51A01A377AC000C43F10 /* Frameworks */,
				967A51A11A377AC000C43F10 /* CopyFiles */,
			);
			buildRules = (
			);
			dependencies = (
			);
			name = JASafeCast;
			productName = JASafeCast;
			productReference = 967A51A31A377AC000C43F10 /* libJASafeCast.a */;
			productType = "com.apple.product-type.library.static";
		};
/* End PBXNativeTarget section */

/* Begin PBXProject section */
		967A519B1A377AC000C43F10 /* Project object */ = {
			isa = PBXProject;
			attributes = {
				LastUpgradeCheck = 0610;
				ORGANIZATIONNAME = jeffames;
				TargetAttributes = {
					967A51A21A377AC000C43F10 = {
						CreatedOnToolsVersion = 6.1.1;
					};
				};
			};
			buildConfigurationList = 967A519E1A377AC000C43F10 /* Build configuration list for PBXProject "JASafeCast" */;
			compatibilityVersion = "Xcode 3.2";
			developmentRegion = English;
			hasScannedForEncodings = 0;
			knownRegions = (
				en,
			);
			mainGroup = 967A519A1A377AC000C43F10;
			productRefGroup = 967A51A41A377AC000C43F10 /* Products */;
			projectDirPath = "";
			projectRoot = "";
			targets = (
				967A51A21A377AC000C43F10 /* JASafeCast */,
			);
		};
/* End PBXProject section */

/* Begin PBXSourcesBuildPhase section */
		967A519F1A377AC000C43F10 /* Sources */ = {
			isa = PBXSourcesBuildPhase;
			buildActionMask = 2147483647;
			files = (
				967A51C21A377B4600C43F10 /* NSObject+SafeCast.m in Sources */,
			);
			runOnlyForDeploymentPostprocessing = 0;
		};
/* End PBXSourcesBuildPhase section */

/* Begin XCBuildConfiguration section */
		967A51B51A377AC000C43F10 /* Debug */ = {
			isa = XCBuildConfiguration;
			buildSettings = {
				ALWAYS_SEARCH_USER_PATHS = NO;
				CLANG_CXX_LANGUAGE_STANDARD = "gnu++0x";
				CLANG_CXX_LIBRARY = "libc++";
				CLANG_ENABLE_MODULES = YES;
				CLANG_ENABLE_OBJC_ARC = YES;
				CLANG_WARN_BOOL_CONVERSION = YES;
				CLANG_WARN_CONSTANT_CONVERSION = YES;
				CLANG_WARN_DIRECT_OBJC_ISA_USAGE = YES_ERROR;
				CLANG_WARN_EMPTY_BODY = YES;
				CLANG_WARN_ENUM_CONVERSION = YES;
				CLANG_WARN_INT_CONVERSION = YES;
				CLANG_WARN_OBJC_ROOT_CLASS = YES_ERROR;
				CLANG_WARN_UNREACHABLE_CODE = YES;
				CLANG_WARN__DUPLICATE_METHOD_MATCH = YES;
				COPY_PHASE_STRIP = NO;
				ENABLE_STRICT_OBJC_MSGSEND = YES;
				GCC_C_LANGUAGE_STANDARD = gnu99;
				GCC_DYNAMIC_NO_PIC = NO;
				GCC_OPTIMIZATION_LEVEL = 0;
				GCC_PREPROCESSOR_DEFINITIONS = (
					"DEBUG=1",
					"$(inherited)",
				);
				GCC_SYMBOLS_PRIVATE_EXTERN = NO;
				GCC_WARN_64_TO_32_BIT_CONVERSION = YES;
				GCC_WARN_ABOUT_RETURN_TYPE = YES_ERROR;
				GCC_WARN_UNDECLARED_SELECTOR = YES;
				GCC_WARN_UNINITIALIZED_AUTOS = YES_AGGRESSIVE;
				GCC_WARN_UNUSED_FUNCTION = YES;
				GCC_WARN_UNUSED_VARIABLE = YES;
				IPHONEOS_DEPLOYMENT_TARGET = 8.1;
				MTL_ENABLE_DEBUG_INFO = YES;
				ONLY_ACTIVE_ARCH = YES;
				SDKROOT = iphoneos;
			};
			name = Debug;
		};
		967A51B61A377AC000C43F10 /* Release */ = {
			isa = XCBuildConfiguration;
			buildSettings = {
				ALWAYS_SEARCH_USER_PATHS = NO;
				CLANG_CXX_LANGUAGE_STANDARD = "gnu++0x";
				CLANG_CXX_LIBRARY = "libc++";
				CLANG_ENABLE_MODULES = YES;
				CLANG_ENABLE_OBJC_ARC = YES;
				CLANG_WARN_BOOL_CONVERSION = YES;
				CLANG_WARN_CONSTANT_CONVERSION = YES;
				CLANG_WARN_DIRECT_OBJC_ISA_USAGE = YES_ERROR;
				CLANG_WARN_EMPTY_BODY = YES;
				CLANG_WARN_ENUM_CONVERSION = YES;
				CLANG_WARN_INT_CONVERSION = YES;
				CLANG_WARN_OBJC_ROOT_CLASS = YES_ERROR;
				CLANG_WARN_UNREACHABLE_CODE = YES;
				CLANG_WARN__DUPLICATE_METHOD_MATCH = YES;
				COPY_PHASE_STRIP = YES;
				ENABLE_NS_ASSERTIONS = NO;
				ENABLE_STRICT_OBJC_MSGSEND = YES;
				GCC_C_LANGUAGE_STANDARD = gnu99;
				GCC_WARN_64_TO_32_BIT_CONVERSION = YES;
				GCC_WARN_ABOUT_RETURN_TYPE = YES_ERROR;
				GCC_WARN_UNDECLARED_SELECTOR = YES;
				GCC_WARN_UNINITIALIZED_AUTOS = YES_AGGRESSIVE;
				GCC_WARN_UNUSED_FUNCTION = YES;
				GCC_WARN_UNUSED_VARIABLE = YES;
				IPHONEOS_DEPLOYMENT_TARGET = 8.1;
				MTL_ENABLE_DEBUG_INFO = NO;
				SDKROOT = iphoneos;
				VALIDATE_PRODUCT = YES;
			};
			name = Release;
		};
		967A51B81A377AC000C43F10 /* Debug */ = {
			isa = XCBuildConfiguration;
			buildSettings = {
				OTHER_LDFLAGS = "-ObjC";
				PRODUCT_NAME = "$(TARGET_NAME)";
				SKIP_INSTALL = YES;
			};
			name = Debug;
		};
		967A51B91A377AC000C43F10 /* Release */ = {
			isa = XCBuildConfiguration;
			buildSettings = {
				OTHER_LDFLAGS = "-ObjC";
				PRODUCT_NAME = "$(TARGET_NAME)";
				SKIP_INSTALL = YES;
			};
			name = Release;
		};
/* End XCBuildConfiguration section */

/* Begin XCConfigurationList section */
		967A519E1A377AC000C43F10 /* Build configuration list for PBXProject "JASafeCast" */ = {
			isa = XCConfigurationList;
			buildConfigurations = (
				967A51B51A377AC000C43F10 /* Debug */,
				967A51B61A377AC000C43F10 /* Release */,
			);
			defaultConfigurationIsVisible = 0;
			defaultConfigurationName = Release;
		};
		967A51B71A377AC000C43F10 /* Build configuration list for PBXNativeTarget "JASafeCast" */ = {
			isa = XCConfigurationList;
			buildConfigurations = (
				967A51B81A377AC000C43F10 /* Debug */,
				967A51B91A377AC000C43F10 /* Release */,
			);
			defaultConfigurationIsVisible = 0;
			defaultConfigurationName = Release;
		};
/* End XCConfigurationList section */
	};
	rootObject = 967A519B1A377AC000C43F10 /* Project object */;
}
